
Microsoft Visual Studio Solution File, Format Version 12.00
# Visual Studio Version 17
VisualStudioVersion = 17.7.34031.279
MinimumVisualStudioVersion = 10.0.40219.1
Project("{FAE04EC0-301F-11D3-BF4B-00C04F79EFBC}") = "Simple Reflex Agent", "Simple Reflex Agent.csproj", "{1C798D09-5D19-4828-9E11-CF861A9F61A6}"
EndProject
Global
	GlobalSection(SolutionConfigurationPlatforms) = preSolution
		Debug|Any CPU = Debug|Any CPU
		Release|Any CPU = Release|Any CPU
	EndGlobalSection
	GlobalSection(ProjectConfigurationPlatforms) = postSolution
		{1C798D09-5D19-4828-9E11-CF861A9F61A6}.Debug|Any CPU.ActiveCfg = Debug|Any CPU
		{1C798D09-5D19-4828-9E11-CF861A9F61A6}.Debug|Any CPU.Build.0 = Debug|Any CPU
		{1C798D09-5D19-4828-9E11-CF861A9F61A6}.Release|Any CPU.ActiveCfg = Release|Any CPU
		{1C798D09-5D19-4828-9E11-CF861A9F61A6}.Release|Any CPU.Build.0 = Release|Any CPU
	EndGlobalSection
	GlobalSection(SolutionProperties) = preSolution
		HideSolutionNode = FALSE
	EndGlobalSection
	GlobalSection(ExtensibilityGlobals) = postSolution
		SolutionGuid = {1414CAF2-E3A2-4AF3-AF44-5FA6891A2D60}
	EndGlobalSection
EndGlobal
